
Microsoft Visual Studio Solution File, Format Version 12.00
Project("{FAE04EC0-301F-11D3-BF4B-00C04F79EFBC}") = "Task_1", "Task_1\Task_1.csproj", "{E9D42EF4-7D1D-4B15-8E0A-B17D8E7FED60}"
EndProject
Project("{FAE04EC0-301F-11D3-BF4B-00C04F79EFBC}") = "Task_2", "Task_2\Task_2.csproj", "{2A1D4810-B11F-4033-97EA-0A1733BA6AE4}"
EndProject
Global
	GlobalSection(SolutionConfigurationPlatforms) = preSolution
		Debug|Any CPU = Debug|Any CPU
		Release|Any CPU = Release|Any CPU
	EndGlobalSection
	GlobalSection(ProjectConfigurationPlatforms) = postSolution
		{E9D42EF4-7D1D-4B15-8E0A-B17D8E7FED60}.Debug|Any CPU.ActiveCfg = Debug|Any CPU
		{E9D42EF4-7D1D-4B15-8E0A-B17D8E7FED60}.Debug|Any CPU.Build.0 = Debug|Any CPU
		{E9D42EF4-7D1D-4B15-8E0A-B17D8E7FED60}.Release|Any CPU.ActiveCfg = Release|Any CPU
		{E9D42EF4-7D1D-4B15-8E0A-B17D8E7FED60}.Release|Any CPU.Build.0 = Release|Any CPU
		{2A1D4810-B11F-4033-97EA-0A1733BA6AE4}.Debug|Any CPU.ActiveCfg = Debug|Any CPU
		{2A1D4810-B11F-4033-97EA-0A1733BA6AE4}.Debug|Any CPU.Build.0 = Debug|Any CPU
		{2A1D4810-B11F-4033-97EA-0A1733BA6AE4}.Release|Any CPU.ActiveCfg = Release|Any CPU
		{2A1D4810-B11F-4033-97EA-0A1733BA6AE4}.Release|Any CPU.Build.0 = Release|Any CPU
	EndGlobalSection
EndGlobal
