
Microsoft Visual Studio Solution File, Format Version 12.00
Project("{FAE04EC0-301F-11D3-BF4B-00C04F79EFBC}") = "Task_1", "Task_1\Task_1.csproj", "{E9D42EF4-7D1D-4B15-8E0A-B17D8E7FED60}"
EndProject
Project("{FAE04EC0-301F-11D3-BF4B-00C04F79EFBC}") = "Task_2", "Task_2\Task_2.csproj", "{2A1D4810-B11F-4033-97EA-0A1733BA6AE4}"
EndProject
Project("{FAE04EC0-301F-11D3-BF4B-00C04F79EFBC}") = "Task_3", "Task_3\Task_3.csproj", "{A1EE065E-02D3-4B83-8AA3-4E7D4D221A60}"
EndProject
Project("{FAE04EC0-301F-11D3-BF4B-00C04F79EFBC}") = "Task_4", "Task_4\Task_4.csproj", "{0E4B6D49-FE46-4111-8743-D782779F528E}"
EndProject
Project("{FAE04EC0-301F-11D3-BF4B-00C04F79EFBC}") = "Task_5", "Task_5\Task_5.csproj", "{528394CF-F302-44EB-ABE3-80F60030EC44}"
EndProject
Project("{FAE04EC0-301F-11D3-BF4B-00C04F79EFBC}") = "SecondTask_1", "SecondTask_1\SecondTask_1.csproj", "{12C3DBFB-4813-4FFF-8887-3E9FB58ADCBC}"
EndProject
Project("{FAE04EC0-301F-11D3-BF4B-00C04F79EFBC}") = "SecondTask_2", "SecondTask_2\SecondTask_2.csproj", "{20185C04-5014-467B-8141-63FC1F24A3E9}"
EndProject
Project("{FAE04EC0-301F-11D3-BF4B-00C04F79EFBC}") = "MagentaAlgorithm", "MagentaAlgorithm\MagentaAlgorithm.csproj", "{C18B37FE-708A-45F5-B399-FD4F3CCC0815}"
EndProject
Project("{FAE04EC0-301F-11D3-BF4B-00C04F79EFBC}") = "AES", "AES\AES.csproj", "{8500DF95-86BE-4D45-90E7-50BCBCE5C904}"
EndProject
Global
	GlobalSection(SolutionConfigurationPlatforms) = preSolution
		Debug|Any CPU = Debug|Any CPU
		Release|Any CPU = Release|Any CPU
	EndGlobalSection
	GlobalSection(ProjectConfigurationPlatforms) = postSolution
		{E9D42EF4-7D1D-4B15-8E0A-B17D8E7FED60}.Debug|Any CPU.ActiveCfg = Debug|Any CPU
		{E9D42EF4-7D1D-4B15-8E0A-B17D8E7FED60}.Debug|Any CPU.Build.0 = Debug|Any CPU
		{E9D42EF4-7D1D-4B15-8E0A-B17D8E7FED60}.Release|Any CPU.ActiveCfg = Release|Any CPU
		{E9D42EF4-7D1D-4B15-8E0A-B17D8E7FED60}.Release|Any CPU.Build.0 = Release|Any CPU
		{2A1D4810-B11F-4033-97EA-0A1733BA6AE4}.Debug|Any CPU.ActiveCfg = Debug|Any CPU
		{2A1D4810-B11F-4033-97EA-0A1733BA6AE4}.Debug|Any CPU.Build.0 = Debug|Any CPU
		{2A1D4810-B11F-4033-97EA-0A1733BA6AE4}.Release|Any CPU.ActiveCfg = Release|Any CPU
		{2A1D4810-B11F-4033-97EA-0A1733BA6AE4}.Release|Any CPU.Build.0 = Release|Any CPU
		{A1EE065E-02D3-4B83-8AA3-4E7D4D221A60}.Debug|Any CPU.ActiveCfg = Debug|Any CPU
		{A1EE065E-02D3-4B83-8AA3-4E7D4D221A60}.Debug|Any CPU.Build.0 = Debug|Any CPU
		{A1EE065E-02D3-4B83-8AA3-4E7D4D221A60}.Release|Any CPU.ActiveCfg = Release|Any CPU
		{A1EE065E-02D3-4B83-8AA3-4E7D4D221A60}.Release|Any CPU.Build.0 = Release|Any CPU
		{0E4B6D49-FE46-4111-8743-D782779F528E}.Debug|Any CPU.ActiveCfg = Debug|Any CPU
		{0E4B6D49-FE46-4111-8743-D782779F528E}.Debug|Any CPU.Build.0 = Debug|Any CPU
		{0E4B6D49-FE46-4111-8743-D782779F528E}.Release|Any CPU.ActiveCfg = Release|Any CPU
		{0E4B6D49-FE46-4111-8743-D782779F528E}.Release|Any CPU.Build.0 = Release|Any CPU
		{528394CF-F302-44EB-ABE3-80F60030EC44}.Debug|Any CPU.ActiveCfg = Debug|Any CPU
		{528394CF-F302-44EB-ABE3-80F60030EC44}.Debug|Any CPU.Build.0 = Debug|Any CPU
		{528394CF-F302-44EB-ABE3-80F60030EC44}.Release|Any CPU.ActiveCfg = Release|Any CPU
		{528394CF-F302-44EB-ABE3-80F60030EC44}.Release|Any CPU.Build.0 = Release|Any CPU
		{12C3DBFB-4813-4FFF-8887-3E9FB58ADCBC}.Debug|Any CPU.ActiveCfg = Debug|Any CPU
		{12C3DBFB-4813-4FFF-8887-3E9FB58ADCBC}.Debug|Any CPU.Build.0 = Debug|Any CPU
		{12C3DBFB-4813-4FFF-8887-3E9FB58ADCBC}.Release|Any CPU.ActiveCfg = Release|Any CPU
		{12C3DBFB-4813-4FFF-8887-3E9FB58ADCBC}.Release|Any CPU.Build.0 = Release|Any CPU
		{20185C04-5014-467B-8141-63FC1F24A3E9}.Debug|Any CPU.ActiveCfg = Debug|Any CPU
		{20185C04-5014-467B-8141-63FC1F24A3E9}.Debug|Any CPU.Build.0 = Debug|Any CPU
		{20185C04-5014-467B-8141-63FC1F24A3E9}.Release|Any CPU.ActiveCfg = Release|Any CPU
		{20185C04-5014-467B-8141-63FC1F24A3E9}.Release|Any CPU.Build.0 = Release|Any CPU
		{C18B37FE-708A-45F5-B399-FD4F3CCC0815}.Debug|Any CPU.ActiveCfg = Debug|Any CPU
		{C18B37FE-708A-45F5-B399-FD4F3CCC0815}.Debug|Any CPU.Build.0 = Debug|Any CPU
		{C18B37FE-708A-45F5-B399-FD4F3CCC0815}.Release|Any CPU.ActiveCfg = Release|Any CPU
		{C18B37FE-708A-45F5-B399-FD4F3CCC0815}.Release|Any CPU.Build.0 = Release|Any CPU
		{8500DF95-86BE-4D45-90E7-50BCBCE5C904}.Debug|Any CPU.ActiveCfg = Debug|Any CPU
		{8500DF95-86BE-4D45-90E7-50BCBCE5C904}.Debug|Any CPU.Build.0 = Debug|Any CPU
		{8500DF95-86BE-4D45-90E7-50BCBCE5C904}.Release|Any CPU.ActiveCfg = Release|Any CPU
		{8500DF95-86BE-4D45-90E7-50BCBCE5C904}.Release|Any CPU.Build.0 = Release|Any CPU
	EndGlobalSection
EndGlobal
